
Microsoft Visual Studio Solution File, Format Version 12.00
# Visual Studio 15
VisualStudioVersion = 15.0.28307.960
MinimumVisualStudioVersion = 10.0.40219.1
Project("{FAE04EC0-301F-11D3-BF4B-00C04F79EFBC}") = "ChainOfResponsibilitySample", "ChainOfResponsibilitySample\ChainOfResponsibilitySample.csproj", "{91D05081-3755-41C5-9D7E-FEDA125F8EAA}"
EndProject
Global
	GlobalSection(SolutionConfigurationPlatforms) = preSolution
		Debug|Any CPU = Debug|Any CPU
		Release|Any CPU = Release|Any CPU
	EndGlobalSection
	GlobalSection(ProjectConfigurationPlatforms) = postSolution
		{91D05081-3755-41C5-9D7E-FEDA125F8EAA}.Debug|Any CPU.ActiveCfg = Debug|Any CPU
		{91D05081-3755-41C5-9D7E-FEDA125F8EAA}.Debug|Any CPU.Build.0 = Debug|Any CPU
		{91D05081-3755-41C5-9D7E-FEDA125F8EAA}.Release|Any CPU.ActiveCfg = Release|Any CPU
		{91D05081-3755-41C5-9D7E-FEDA125F8EAA}.Release|Any CPU.Build.0 = Release|Any CPU
	EndGlobalSection
	GlobalSection(SolutionProperties) = preSolution
		HideSolutionNode = FALSE
	EndGlobalSection
	GlobalSection(ExtensibilityGlobals) = postSolution
		SolutionGuid = {43C06163-0F4C-458B-A017-77F886477E55}
	EndGlobalSection
EndGlobal
